# This file is automatically @generated by Cargo.
# It is not intended for manual editing.
version = 4

[[package]]
name = "torn"
version = "0.1.0"
dependencies = [
 "torn-core",
 "torn-render",
 "torn-software",
 "torn-ui",
 "torn-widgets",
]

[[package]]
name = "torn-core"
version = "0.1.0"

[[package]]
name = "torn-render"
version = "0.1.0"
dependencies = [
 "torn-core",
]

[[package]]
name = "torn-software"
version = "0.1.0"
dependencies = [
 "torn-core",
 "torn-render",
]

[[package]]
name = "torn-ui"
version = "0.1.0"
dependencies = [
 "torn-core",
 "torn-render",
]

[[package]]
name = "torn-widgets"
version = "0.1.0"
dependencies = [
 "torn-core",
 "torn-render",
 "torn-ui",
]
